
Microsoft Visual Studio Solution File, Format Version 12.00
# Visual Studio 15
VisualStudioVersion = 15.0.27428.2002
MinimumVisualStudioVersion = 10.0.40219.1
Project("{FAE04EC0-301F-11D3-BF4B-00C04F79EFBC}") = "ManageSystem", "ManageSystem\ManageSystem.csproj", "{300AB3B7-A5AF-4133-AB0E-D2F7EA43D0EC}"
EndProject
Global
	GlobalSection(SolutionConfigurationPlatforms) = preSolution
		Debug|Any CPU = Debug|Any CPU
		Release|Any CPU = Release|Any CPU
	EndGlobalSection
	GlobalSection(ProjectConfigurationPlatforms) = postSolution
		{300AB3B7-A5AF-4133-AB0E-D2F7EA43D0EC}.Debug|Any CPU.ActiveCfg = Debug|Any CPU
		{300AB3B7-A5AF-4133-AB0E-D2F7EA43D0EC}.Debug|Any CPU.Build.0 = Debug|Any CPU
		{300AB3B7-A5AF-4133-AB0E-D2F7EA43D0EC}.Release|Any CPU.ActiveCfg = Release|Any CPU
		{300AB3B7-A5AF-4133-AB0E-D2F7EA43D0EC}.Release|Any CPU.Build.0 = Release|Any CPU
	EndGlobalSection
	GlobalSection(SolutionProperties) = preSolution
		HideSolutionNode = FALSE
	EndGlobalSection
	GlobalSection(ExtensibilityGlobals) = postSolution
		SolutionGuid = {6BEA3481-038C-4A83-B92B-F6097A7FF6B1}
	EndGlobalSection
EndGlobal
