
Microsoft Visual Studio Solution File, Format Version 12.00
# Visual Studio 15
VisualStudioVersion = 15.0.27428.2002
MinimumVisualStudioVersion = 10.0.40219.1
Project("{FAE04EC0-301F-11D3-BF4B-00C04F79EFBC}") = "UI", "UI.csproj", "{BC943D25-A9B0-4A58-A5AA-AE4B923E2AC1}"
EndProject
Project("{FAE04EC0-301F-11D3-BF4B-00C04F79EFBC}") = "BLL", "BLL\BLL.csproj", "{222F6AF7-37F3-4FF9-B193-2BEE9D4ABA8D}"
EndProject
Project("{FAE04EC0-301F-11D3-BF4B-00C04F79EFBC}") = "DAL", "DAL\DAL.csproj", "{B4934277-0F8E-4DA0-9847-8FA41437965B}"
EndProject
Project("{FAE04EC0-301F-11D3-BF4B-00C04F79EFBC}") = "Model", "Model\Model.csproj", "{ED5CD6B5-4814-4601-9DE9-46878BE2B948}"
EndProject
Global
	GlobalSection(SolutionConfigurationPlatforms) = preSolution
		Debug|Any CPU = Debug|Any CPU
		Debug|x86 = Debug|x86
		Release|Any CPU = Release|Any CPU
		Release|x86 = Release|x86
	EndGlobalSection
	GlobalSection(ProjectConfigurationPlatforms) = postSolution
		{BC943D25-A9B0-4A58-A5AA-AE4B923E2AC1}.Debug|Any CPU.ActiveCfg = Debug|Any CPU
		{BC943D25-A9B0-4A58-A5AA-AE4B923E2AC1}.Debug|Any CPU.Build.0 = Debug|Any CPU
		{BC943D25-A9B0-4A58-A5AA-AE4B923E2AC1}.Debug|x86.ActiveCfg = Debug|x86
		{BC943D25-A9B0-4A58-A5AA-AE4B923E2AC1}.Debug|x86.Build.0 = Debug|x86
		{BC943D25-A9B0-4A58-A5AA-AE4B923E2AC1}.Release|Any CPU.ActiveCfg = Release|Any CPU
		{BC943D25-A9B0-4A58-A5AA-AE4B923E2AC1}.Release|Any CPU.Build.0 = Release|Any CPU
		{BC943D25-A9B0-4A58-A5AA-AE4B923E2AC1}.Release|x86.ActiveCfg = Release|x86
		{BC943D25-A9B0-4A58-A5AA-AE4B923E2AC1}.Release|x86.Build.0 = Release|x86
		{222F6AF7-37F3-4FF9-B193-2BEE9D4ABA8D}.Debug|Any CPU.ActiveCfg = Debug|Any CPU
		{222F6AF7-37F3-4FF9-B193-2BEE9D4ABA8D}.Debug|Any CPU.Build.0 = Debug|Any CPU
		{222F6AF7-37F3-4FF9-B193-2BEE9D4ABA8D}.Debug|x86.ActiveCfg = Debug|Any CPU
		{222F6AF7-37F3-4FF9-B193-2BEE9D4ABA8D}.Debug|x86.Build.0 = Debug|Any CPU
		{222F6AF7-37F3-4FF9-B193-2BEE9D4ABA8D}.Release|Any CPU.ActiveCfg = Release|Any CPU
		{222F6AF7-37F3-4FF9-B193-2BEE9D4ABA8D}.Release|Any CPU.Build.0 = Release|Any CPU
		{222F6AF7-37F3-4FF9-B193-2BEE9D4ABA8D}.Release|x86.ActiveCfg = Release|Any CPU
		{222F6AF7-37F3-4FF9-B193-2BEE9D4ABA8D}.Release|x86.Build.0 = Release|Any CPU
		{B4934277-0F8E-4DA0-9847-8FA41437965B}.Debug|Any CPU.ActiveCfg = Debug|Any CPU
		{B4934277-0F8E-4DA0-9847-8FA41437965B}.Debug|Any CPU.Build.0 = Debug|Any CPU
		{B4934277-0F8E-4DA0-9847-8FA41437965B}.Debug|x86.ActiveCfg = Debug|Any CPU
		{B4934277-0F8E-4DA0-9847-8FA41437965B}.Debug|x86.Build.0 = Debug|Any CPU
		{B4934277-0F8E-4DA0-9847-8FA41437965B}.Release|Any CPU.ActiveCfg = Release|Any CPU
		{B4934277-0F8E-4DA0-9847-8FA41437965B}.Release|Any CPU.Build.0 = Release|Any CPU
		{B4934277-0F8E-4DA0-9847-8FA41437965B}.Release|x86.ActiveCfg = Release|Any CPU
		{B4934277-0F8E-4DA0-9847-8FA41437965B}.Release|x86.Build.0 = Release|Any CPU
		{ED5CD6B5-4814-4601-9DE9-46878BE2B948}.Debug|Any CPU.ActiveCfg = Debug|Any CPU
		{ED5CD6B5-4814-4601-9DE9-46878BE2B948}.Debug|Any CPU.Build.0 = Debug|Any CPU
		{ED5CD6B5-4814-4601-9DE9-46878BE2B948}.Debug|x86.ActiveCfg = Debug|Any CPU
		{ED5CD6B5-4814-4601-9DE9-46878BE2B948}.Debug|x86.Build.0 = Debug|Any CPU
		{ED5CD6B5-4814-4601-9DE9-46878BE2B948}.Release|Any CPU.ActiveCfg = Release|Any CPU
		{ED5CD6B5-4814-4601-9DE9-46878BE2B948}.Release|Any CPU.Build.0 = Release|Any CPU
		{ED5CD6B5-4814-4601-9DE9-46878BE2B948}.Release|x86.ActiveCfg = Release|Any CPU
		{ED5CD6B5-4814-4601-9DE9-46878BE2B948}.Release|x86.Build.0 = Release|Any CPU
	EndGlobalSection
	GlobalSection(SolutionProperties) = preSolution
		HideSolutionNode = FALSE
	EndGlobalSection
	GlobalSection(ExtensibilityGlobals) = postSolution
		SolutionGuid = {11E58498-4EB6-412A-8E38-1C71F58663B5}
	EndGlobalSection
EndGlobal
