
Microsoft Visual Studio Solution File, Format Version 12.00
# Visual Studio 15
VisualStudioVersion = 15.0.27428.2002
MinimumVisualStudioVersion = 10.0.40219.1
Project("{FAE04EC0-301F-11D3-BF4B-00C04F79EFBC}") = "WindowsFormsApp1", "WindowsFormsApp1\WindowsFormsApp1.csproj", "{F6371C1A-0A62-40A6-8ED9-1E2096CC617D}"
EndProject
Global
	GlobalSection(SolutionConfigurationPlatforms) = preSolution
		Debug|Any CPU = Debug|Any CPU
		Release|Any CPU = Release|Any CPU
	EndGlobalSection
	GlobalSection(ProjectConfigurationPlatforms) = postSolution
		{F6371C1A-0A62-40A6-8ED9-1E2096CC617D}.Debug|Any CPU.ActiveCfg = Debug|Any CPU
		{F6371C1A-0A62-40A6-8ED9-1E2096CC617D}.Debug|Any CPU.Build.0 = Debug|Any CPU
		{F6371C1A-0A62-40A6-8ED9-1E2096CC617D}.Release|Any CPU.ActiveCfg = Release|Any CPU
		{F6371C1A-0A62-40A6-8ED9-1E2096CC617D}.Release|Any CPU.Build.0 = Release|Any CPU
	EndGlobalSection
	GlobalSection(SolutionProperties) = preSolution
		HideSolutionNode = FALSE
	EndGlobalSection
	GlobalSection(ExtensibilityGlobals) = postSolution
		SolutionGuid = {64D1EB49-B05B-4E73-A918-EDC9BA710E19}
	EndGlobalSection
EndGlobal
